// !$*UTF8*$!
{
	archiveVersion = 1;
	classes = {
	};
	objectVersion = 51;
	objects = {

/* Begin PBXBuildFile section */
		057BB59A2564FE8500015C48 /* AppDelegate.swift in Sources */ = {isa = PBXBuildFile; fileRef = 057BB5992564FE8500015C48 /* AppDelegate.swift */; };
		057BB59C2564FE8500015C48 /* SceneDelegate.swift in Sources */ = {isa = PBXBuildFile; fileRef = 057BB59B2564FE8500015C48 /* SceneDelegate.swift */; };
		057BB59E2564FE8500015C48 /* WelcomeViewController.swift in Sources */ = {isa = PBXBuildFile; fileRef = 057BB59D2564FE8500015C48 /* WelcomeViewController.swift */; };
		057BB5A12564FE8500015C48 /* Main.storyboard in Resources */ = {isa = PBXBuildFile; fileRef = 057BB59F2564FE8500015C48 /* Main.storyboard */; };
		057BB5A32564FE8600015C48 /* Assets.xcassets in Resources */ = {isa = PBXBuildFile; fileRef = 057BB5A22564FE8600015C48 /* Assets.xcassets */; };
		057BB5A62564FE8600015C48 /* LaunchScreen.storyboard in Resources */ = {isa = PBXBuildFile; fileRef = 057BB5A42564FE8600015C48 /* LaunchScreen.storyboard */; };
		05A778452565080100CD2A8C /* ServiceManager.swift in Sources */ = {isa = PBXBuildFile; fileRef = 05A778442565080100CD2A8C /* ServiceManager.swift */; };
		05A7784925650B9800CD2A8C /* Utils.swift in Sources */ = {isa = PBXBuildFile; fileRef = 05A7784825650B9800CD2A8C /* Utils.swift */; };
		05A7784B25650E8700CD2A8C /* ServiceProtocol.swift in Sources */ = {isa = PBXBuildFile; fileRef = 05A7784A25650E8700CD2A8C /* ServiceProtocol.swift */; };
		05A7784E25650F3900CD2A8C /* Result.swift in Sources */ = {isa = PBXBuildFile; fileRef = 05A7784D25650F3900CD2A8C /* Result.swift */; };
		05A77851256511FE00CD2A8C /* ServiceModule.swift in Sources */ = {isa = PBXBuildFile; fileRef = 05A77850256511FE00CD2A8C /* ServiceModule.swift */; };
		05A778532565128300CD2A8C /* ServiceWrapper.swift in Sources */ = {isa = PBXBuildFile; fileRef = 05A778522565128300CD2A8C /* ServiceWrapper.swift */; };
		05A778552565130B00CD2A8C /* Configuration.swift in Sources */ = {isa = PBXBuildFile; fileRef = 05A778542565130B00CD2A8C /* Configuration.swift */; };
		05A778592565139500CD2A8C /* DictionaryExtensions.swift in Sources */ = {isa = PBXBuildFile; fileRef = 05A778582565139500CD2A8C /* DictionaryExtensions.swift */; };
		05A778602565434600CD2A8C /* Article.swift in Sources */ = {isa = PBXBuildFile; fileRef = 05A7785F2565434600CD2A8C /* Article.swift */; };
		05A7786325654C7E00CD2A8C /* UIViewExtensions.swift in Sources */ = {isa = PBXBuildFile; fileRef = 05A7786225654C7D00CD2A8C /* UIViewExtensions.swift */; };
		05A7786525654FA900CD2A8C /* ListingViewController.swift in Sources */ = {isa = PBXBuildFile; fileRef = 05A7786425654FA900CD2A8C /* ListingViewController.swift */; };
		05A778672565502100CD2A8C /* BaseViewController.swift in Sources */ = {isa = PBXBuildFile; fileRef = 05A778662565502100CD2A8C /* BaseViewController.swift */; };
		05A778692565510100CD2A8C /* Color.xcassets in Resources */ = {isa = PBXBuildFile; fileRef = 05A778682565510100CD2A8C /* Color.xcassets */; };
		05A7786B256551C100CD2A8C /* UIColorExtensions.swift in Sources */ = {isa = PBXBuildFile; fileRef = 05A7786A256551C100CD2A8C /* UIColorExtensions.swift */; };
		05A7787425655B5100CD2A8C /* ArticleCell.swift in Sources */ = {isa = PBXBuildFile; fileRef = 05A7787325655B5100CD2A8C /* ArticleCell.swift */; };
		05A7787625655B6400CD2A8C /* ArticleCell.xib in Resources */ = {isa = PBXBuildFile; fileRef = 05A7787525655B6400CD2A8C /* ArticleCell.xib */; };
		05A77878256563BF00CD2A8C /* UIResponderExtensions.swift in Sources */ = {isa = PBXBuildFile; fileRef = 05A77877256563BF00CD2A8C /* UIResponderExtensions.swift */; };
		05A7787A2565644D00CD2A8C /* UITableViewExtensions.swift in Sources */ = {isa = PBXBuildFile; fileRef = 05A778792565644D00CD2A8C /* UITableViewExtensions.swift */; };
		3F0FCAEEE49528223FDDE6E6 /* Pods_NYTimesSampleApp.framework in Frameworks */ = {isa = PBXBuildFile; fileRef = 168FBE5505594F10566F7911 /* Pods_NYTimesSampleApp.framework */; };
		C4F8FD3A4E05C36A1E8DC7EC /* Pods_NYTimesSampleAppTests.framework in Frameworks */ = {isa = PBXBuildFile; fileRef = 0E673363264CA47923CF1706 /* Pods_NYTimesSampleAppTests.framework */; };
		EA52E15625665DF10009E2C1 /* MostViewed.swift in Sources */ = {isa = PBXBuildFile; fileRef = EA52E15525665DF10009E2C1 /* MostViewed.swift */; };
		EA52E16025665EE70009E2C1 /* WelcomePresnterTests.swift in Sources */ = {isa = PBXBuildFile; fileRef = EA52E15F25665EE70009E2C1 /* WelcomePresnterTests.swift */; };
		EA52E16225665F560009E2C1 /* WelcomeViewSpy.swift in Sources */ = {isa = PBXBuildFile; fileRef = EA52E16125665F560009E2C1 /* WelcomeViewSpy.swift */; };
		EA52E165256662610009E2C1 /* ServiceManagerStub.swift in Sources */ = {isa = PBXBuildFile; fileRef = EA52E164256662610009E2C1 /* ServiceManagerStub.swift */; };
		EA52E16725666ADA0009E2C1 /* ListingPresenterTest.swift in Sources */ = {isa = PBXBuildFile; fileRef = EA52E16625666ADA0009E2C1 /* ListingPresenterTest.swift */; };
		EA52E16925666B170009E2C1 /* ListingViewSpy.swift in Sources */ = {isa = PBXBuildFile; fileRef = EA52E16825666B170009E2C1 /* ListingViewSpy.swift */; };
		EA52E16B25666D3E0009E2C1 /* Creator.swift in Sources */ = {isa = PBXBuildFile; fileRef = EA52E16A25666D3E0009E2C1 /* Creator.swift */; };
		EA52E16D25667E0A0009E2C1 /* ArticleCellSpy.swift in Sources */ = {isa = PBXBuildFile; fileRef = EA52E16C25667E0A0009E2C1 /* ArticleCellSpy.swift */; };
		EAA0C87D2565BBFB000EB48F /* ActivityIndicator.swift in Sources */ = {isa = PBXBuildFile; fileRef = EAA0C87C2565BBFB000EB48F /* ActivityIndicator.swift */; };
		EAA0C8802565BD3B000EB48F /* Navigatable.swift in Sources */ = {isa = PBXBuildFile; fileRef = EAA0C87F2565BD3B000EB48F /* Navigatable.swift */; };
		EAA0C8822565BD74000EB48F /* UIViewControllerExtensions.swift in Sources */ = {isa = PBXBuildFile; fileRef = EAA0C8812565BD74000EB48F /* UIViewControllerExtensions.swift */; };
		EAA0C8842565BDAA000EB48F /* UIStoryboardExtensions.swift in Sources */ = {isa = PBXBuildFile; fileRef = EAA0C8832565BDAA000EB48F /* UIStoryboardExtensions.swift */; };
		EAA0C8862566394D000EB48F /* ListingPresenter.swift in Sources */ = {isa = PBXBuildFile; fileRef = EAA0C8852566394D000EB48F /* ListingPresenter.swift */; };
		EAA0C88825663BF3000EB48F /* Configurator.swift in Sources */ = {isa = PBXBuildFile; fileRef = EAA0C88725663BF3000EB48F /* Configurator.swift */; };
		EAA0C8942566476C000EB48F /* WelcomePresenter.swift in Sources */ = {isa = PBXBuildFile; fileRef = EAA0C8932566476C000EB48F /* WelcomePresenter.swift */; };
/* End PBXBuildFile section */

/* Begin PBXContainerItemProxy section */
		057BB5AD2564FE8600015C48 /* PBXContainerItemProxy */ = {
			isa = PBXContainerItemProxy;
			containerPortal = 057BB58E2564FE8500015C48 /* Project object */;
			proxyType = 1;
			remoteGlobalIDString = 057BB5952564FE8500015C48;
			remoteInfo = NYTimesSampleApp;
		};
/* End PBXContainerItemProxy section */

/* Begin PBXFileReference section */
		057BB5962564FE8500015C48 /* NYTimesSampleApp.app */ = {isa = PBXFileReference; explicitFileType = wrapper.application; includeInIndex = 0; path = NYTimesSampleApp.app; sourceTree = BUILT_PRODUCTS_DIR; };
		057BB5992564FE8500015C48 /* AppDelegate.swift */ = {isa = PBXFileReference; lastKnownFileType = sourcecode.swift; path = AppDelegate.swift; sourceTree = "<group>"; };
		057BB59B2564FE8500015C48 /* SceneDelegate.swift */ = {isa = PBXFileReference; lastKnownFileType = sourcecode.swift; path = SceneDelegate.swift; sourceTree = "<group>"; };
		057BB59D2564FE8500015C48 /* WelcomeViewController.swift */ = {isa = PBXFileReference; lastKnownFileType = sourcecode.swift; path = WelcomeViewController.swift; sourceTree = "<group>"; };
		057BB5A02564FE8500015C48 /* Base */ = {isa = PBXFileReference; lastKnownFileType = file.storyboard; name = Base; path = Base.lproj/Main.storyboard; sourceTree = "<group>"; };
		057BB5A22564FE8600015C48 /* Assets.xcassets */ = {isa = PBXFileReference; lastKnownFileType = folder.assetcatalog; path = Assets.xcassets; sourceTree = "<group>"; };
		057BB5A52564FE8600015C48 /* Base */ = {isa = PBXFileReference; lastKnownFileType = file.storyboard; name = Base; path = Base.lproj/LaunchScreen.storyboard; sourceTree = "<group>"; };
		057BB5A72564FE8600015C48 /* Info.plist */ = {isa = PBXFileReference; lastKnownFileType = text.plist.xml; path = Info.plist; sourceTree = "<group>"; };
		057BB5AC2564FE8600015C48 /* NYTimesSampleAppTests.xctest */ = {isa = PBXFileReference; explicitFileType = wrapper.cfbundle; includeInIndex = 0; path = NYTimesSampleAppTests.xctest; sourceTree = BUILT_PRODUCTS_DIR; };
		057BB5B22564FE8600015C48 /* Info.plist */ = {isa = PBXFileReference; lastKnownFileType = text.plist.xml; path = Info.plist; sourceTree = "<group>"; };
		05A778442565080100CD2A8C /* ServiceManager.swift */ = {isa = PBXFileReference; lastKnownFileType = sourcecode.swift; path = ServiceManager.swift; sourceTree = "<group>"; };
		05A7784825650B9800CD2A8C /* Utils.swift */ = {isa = PBXFileReference; lastKnownFileType = sourcecode.swift; path = Utils.swift; sourceTree = "<group>"; };
		05A7784A25650E8700CD2A8C /* ServiceProtocol.swift */ = {isa = PBXFileReference; lastKnownFileType = sourcecode.swift; path = ServiceProtocol.swift; sourceTree = "<group>"; };
		05A7784D25650F3900CD2A8C /* Result.swift */ = {isa = PBXFileReference; lastKnownFileType = sourcecode.swift; path = Result.swift; sourceTree = "<group>"; };
		05A77850256511FE00CD2A8C /* ServiceModule.swift */ = {isa = PBXFileReference; lastKnownFileType = sourcecode.swift; path = ServiceModule.swift; sourceTree = "<group>"; };
		05A778522565128300CD2A8C /* ServiceWrapper.swift */ = {isa = PBXFileReference; lastKnownFileType = sourcecode.swift; path = ServiceWrapper.swift; sourceTree = "<group>"; };
		05A778542565130B00CD2A8C /* Configuration.swift */ = {isa = PBXFileReference; lastKnownFileType = sourcecode.swift; path = Configuration.swift; sourceTree = "<group>"; };
		05A778582565139500CD2A8C /* DictionaryExtensions.swift */ = {isa = PBXFileReference; lastKnownFileType = sourcecode.swift; path = DictionaryExtensions.swift; sourceTree = "<group>"; };
		05A7785B2565242800CD2A8C /* Development.xcconfig */ = {isa = PBXFileReference; lastKnownFileType = text.xcconfig; path = Development.xcconfig; sourceTree = "<group>"; };
		05A7785F2565434600CD2A8C /* Article.swift */ = {isa = PBXFileReference; lastKnownFileType = sourcecode.swift; path = Article.swift; sourceTree = "<group>"; };
		05A7786225654C7D00CD2A8C /* UIViewExtensions.swift */ = {isa = PBXFileReference; lastKnownFileType = sourcecode.swift; path = UIViewExtensions.swift; sourceTree = "<group>"; };
		05A7786425654FA900CD2A8C /* ListingViewController.swift */ = {isa = PBXFileReference; lastKnownFileType = sourcecode.swift; path = ListingViewController.swift; sourceTree = "<group>"; };
		05A778662565502100CD2A8C /* BaseViewController.swift */ = {isa = PBXFileReference; lastKnownFileType = sourcecode.swift; path = BaseViewController.swift; sourceTree = "<group>"; };
		05A778682565510100CD2A8C /* Color.xcassets */ = {isa = PBXFileReference; lastKnownFileType = folder.assetcatalog; path = Color.xcassets; sourceTree = "<group>"; };
		05A7786A256551C100CD2A8C /* UIColorExtensions.swift */ = {isa = PBXFileReference; lastKnownFileType = sourcecode.swift; path = UIColorExtensions.swift; sourceTree = "<group>"; };
		05A7787325655B5100CD2A8C /* ArticleCell.swift */ = {isa = PBXFileReference; lastKnownFileType = sourcecode.swift; path = ArticleCell.swift; sourceTree = "<group>"; };
		05A7787525655B6400CD2A8C /* ArticleCell.xib */ = {isa = PBXFileReference; lastKnownFileType = file.xib; path = ArticleCell.xib; sourceTree = "<group>"; };
		05A77877256563BF00CD2A8C /* UIResponderExtensions.swift */ = {isa = PBXFileReference; lastKnownFileType = sourcecode.swift; path = UIResponderExtensions.swift; sourceTree = "<group>"; };
		05A778792565644D00CD2A8C /* UITableViewExtensions.swift */ = {isa = PBXFileReference; lastKnownFileType = sourcecode.swift; path = UITableViewExtensions.swift; sourceTree = "<group>"; };
		0E673363264CA47923CF1706 /* Pods_NYTimesSampleAppTests.framework */ = {isa = PBXFileReference; explicitFileType = wrapper.framework; includeInIndex = 0; path = Pods_NYTimesSampleAppTests.framework; sourceTree = BUILT_PRODUCTS_DIR; };
		0ECC9EFF578A5650AE42479A /* Pods-NYTimesSampleAppTests.debug.xcconfig */ = {isa = PBXFileReference; includeInIndex = 1; lastKnownFileType = text.xcconfig; name = "Pods-NYTimesSampleAppTests.debug.xcconfig"; path = "Target Support Files/Pods-NYTimesSampleAppTests/Pods-NYTimesSampleAppTests.debug.xcconfig"; sourceTree = "<group>"; };
		168FBE5505594F10566F7911 /* Pods_NYTimesSampleApp.framework */ = {isa = PBXFileReference; explicitFileType = wrapper.framework; includeInIndex = 0; path = Pods_NYTimesSampleApp.framework; sourceTree = BUILT_PRODUCTS_DIR; };
		26BE1A83CC5EC4B034060E80 /* Pods-NYTimesSampleApp.release.xcconfig */ = {isa = PBXFileReference; includeInIndex = 1; lastKnownFileType = text.xcconfig; name = "Pods-NYTimesSampleApp.release.xcconfig"; path = "Target Support Files/Pods-NYTimesSampleApp/Pods-NYTimesSampleApp.release.xcconfig"; sourceTree = "<group>"; };
		5666E1747A640D45E0954525 /* Pods-NYTimesSampleAppTests.release.xcconfig */ = {isa = PBXFileReference; includeInIndex = 1; lastKnownFileType = text.xcconfig; name = "Pods-NYTimesSampleAppTests.release.xcconfig"; path = "Target Support Files/Pods-NYTimesSampleAppTests/Pods-NYTimesSampleAppTests.release.xcconfig"; sourceTree = "<group>"; };
		861E1849FBF95C2C3419EB3E /* Pods-NYTimesSampleApp.debug.xcconfig */ = {isa = PBXFileReference; includeInIndex = 1; lastKnownFileType = text.xcconfig; name = "Pods-NYTimesSampleApp.debug.xcconfig"; path = "Target Support Files/Pods-NYTimesSampleApp/Pods-NYTimesSampleApp.debug.xcconfig"; sourceTree = "<group>"; };
		EA52E15525665DF10009E2C1 /* MostViewed.swift */ = {isa = PBXFileReference; fileEncoding = 4; lastKnownFileType = sourcecode.swift; path = MostViewed.swift; sourceTree = "<group>"; };
		EA52E15F25665EE70009E2C1 /* WelcomePresnterTests.swift */ = {isa = PBXFileReference; lastKnownFileType = sourcecode.swift; path = WelcomePresnterTests.swift; sourceTree = "<group>"; };
		EA52E16125665F560009E2C1 /* WelcomeViewSpy.swift */ = {isa = PBXFileReference; lastKnownFileType = sourcecode.swift; path = WelcomeViewSpy.swift; sourceTree = "<group>"; };
		EA52E164256662610009E2C1 /* ServiceManagerStub.swift */ = {isa = PBXFileReference; lastKnownFileType = sourcecode.swift; path = ServiceManagerStub.swift; sourceTree = "<group>"; };
		EA52E16625666ADA0009E2C1 /* ListingPresenterTest.swift */ = {isa = PBXFileReference; lastKnownFileType = sourcecode.swift; path = ListingPresenterTest.swift; sourceTree = "<group>"; };
		EA52E16825666B170009E2C1 /* ListingViewSpy.swift */ = {isa = PBXFileReference; lastKnownFileType = sourcecode.swift; path = ListingViewSpy.swift; sourceTree = "<group>"; };
		EA52E16A25666D3E0009E2C1 /* Creator.swift */ = {isa = PBXFileReference; lastKnownFileType = sourcecode.swift; path = Creator.swift; sourceTree = "<group>"; };
		EA52E16C25667E0A0009E2C1 /* ArticleCellSpy.swift */ = {isa = PBXFileReference; lastKnownFileType = sourcecode.swift; path = ArticleCellSpy.swift; sourceTree = "<group>"; };
		EAA0C87C2565BBFB000EB48F /* ActivityIndicator.swift */ = {isa = PBXFileReference; lastKnownFileType = sourcecode.swift; path = ActivityIndicator.swift; sourceTree = "<group>"; };
		EAA0C87F2565BD3B000EB48F /* Navigatable.swift */ = {isa = PBXFileReference; lastKnownFileType = sourcecode.swift; path = Navigatable.swift; sourceTree = "<group>"; };
		EAA0C8812565BD74000EB48F /* UIViewControllerExtensions.swift */ = {isa = PBXFileReference; lastKnownFileType = sourcecode.swift; path = UIViewControllerExtensions.swift; sourceTree = "<group>"; };
		EAA0C8832565BDAA000EB48F /* UIStoryboardExtensions.swift */ = {isa = PBXFileReference; lastKnownFileType = sourcecode.swift; path = UIStoryboardExtensions.swift; sourceTree = "<group>"; };
		EAA0C8852566394D000EB48F /* ListingPresenter.swift */ = {isa = PBXFileReference; lastKnownFileType = sourcecode.swift; path = ListingPresenter.swift; sourceTree = "<group>"; };
		EAA0C88725663BF3000EB48F /* Configurator.swift */ = {isa = PBXFileReference; lastKnownFileType = sourcecode.swift; path = Configurator.swift; sourceTree = "<group>"; };
		EAA0C8932566476C000EB48F /* WelcomePresenter.swift */ = {isa = PBXFileReference; lastKnownFileType = sourcecode.swift; path = WelcomePresenter.swift; sourceTree = "<group>"; };
/* End PBXFileReference section */

/* Begin PBXFrameworksBuildPhase section */
		057BB5932564FE8500015C48 /* Frameworks */ = {
			isa = PBXFrameworksBuildPhase;
			buildActionMask = 2147483647;
			files = (
				3F0FCAEEE49528223FDDE6E6 /* Pods_NYTimesSampleApp.framework in Frameworks */,
			);
			runOnlyForDeploymentPostprocessing = 0;
		};
		057BB5A92564FE8600015C48 /* Frameworks */ = {
			isa = PBXFrameworksBuildPhase;
			buildActionMask = 2147483647;
			files = (
				C4F8FD3A4E05C36A1E8DC7EC /* Pods_NYTimesSampleAppTests.framework in Frameworks */,
			);
			runOnlyForDeploymentPostprocessing = 0;
		};
/* End PBXFrameworksBuildPhase section */

/* Begin PBXGroup section */
		057BB58D2564FE8500015C48 = {
			isa = PBXGroup;
			children = (
				057BB5982564FE8500015C48 /* NYTimesSampleApp */,
				05A7785A2565240700CD2A8C /* Schema */,
				057BB5AF2564FE8600015C48 /* NYTimesSampleAppTests */,
				057BB5972564FE8500015C48 /* Products */,
				8CC3C2CA346164CADC54CDFD /* Pods */,
				42ACC299415CE5DE48ACF4F1 /* Frameworks */,
			);
			sourceTree = "<group>";
		};
		057BB5972564FE8500015C48 /* Products */ = {
			isa = PBXGroup;
			children = (
				057BB5962564FE8500015C48 /* NYTimesSampleApp.app */,
				057BB5AC2564FE8600015C48 /* NYTimesSampleAppTests.xctest */,
			);
			name = Products;
			sourceTree = "<group>";
		};
		057BB5982564FE8500015C48 /* NYTimesSampleApp */ = {
			isa = PBXGroup;
			children = (
				EAA0C8892566422F000EB48F /* Sences */,
				05A778562565136D00CD2A8C /* Extensions */,
				05A7784625650B0400CD2A8C /* Utilities */,
				05A77843256507EE00CD2A8C /* Managers */,
				057BB5992564FE8500015C48 /* AppDelegate.swift */,
				057BB59B2564FE8500015C48 /* SceneDelegate.swift */,
				057BB59F2564FE8500015C48 /* Main.storyboard */,
				057BB5A22564FE8600015C48 /* Assets.xcassets */,
				057BB5A42564FE8600015C48 /* LaunchScreen.storyboard */,
				057BB5A72564FE8600015C48 /* Info.plist */,
				05A778682565510100CD2A8C /* Color.xcassets */,
			);
			path = NYTimesSampleApp;
			sourceTree = "<group>";
		};
		057BB5AF2564FE8600015C48 /* NYTimesSampleAppTests */ = {
			isa = PBXGroup;
			children = (
				EA52E15825665E710009E2C1 /* ListingView */,
				EA52E15725665E6A0009E2C1 /* WelcomeView */,
				057BB5B22564FE8600015C48 /* Info.plist */,
			);
			path = NYTimesSampleAppTests;
			sourceTree = "<group>";
		};
		05A77843256507EE00CD2A8C /* Managers */ = {
			isa = PBXGroup;
			children = (
				EAA0C87E2565BD1E000EB48F /* NavigationManager */,
				05A7784F256511E000CD2A8C /* Service */,
			);
			path = Managers;
			sourceTree = "<group>";
		};
		05A7784625650B0400CD2A8C /* Utilities */ = {
			isa = PBXGroup;
			children = (
				EAA0C892256643E9000EB48F /* Configurator */,
				EAA0C87B2565BBD4000EB48F /* ActivityIndicator */,
				05A7784C25650F2F00CD2A8C /* Result */,
				05A7784725650B8C00CD2A8C /* Utils */,
			);
			path = Utilities;
			sourceTree = "<group>";
		};
		05A7784725650B8C00CD2A8C /* Utils */ = {
			isa = PBXGroup;
			children = (
				05A7784825650B9800CD2A8C /* Utils.swift */,
			);
			path = Utils;
			sourceTree = "<group>";
		};
		05A7784C25650F2F00CD2A8C /* Result */ = {
			isa = PBXGroup;
			children = (
				05A7784D25650F3900CD2A8C /* Result.swift */,
			);
			path = Result;
			sourceTree = "<group>";
		};
		05A7784F256511E000CD2A8C /* Service */ = {
			isa = PBXGroup;
			children = (
				05A7784A25650E8700CD2A8C /* ServiceProtocol.swift */,
				05A778442565080100CD2A8C /* ServiceManager.swift */,
				05A77850256511FE00CD2A8C /* ServiceModule.swift */,
				05A778522565128300CD2A8C /* ServiceWrapper.swift */,
			);
			path = Service;
			sourceTree = "<group>";
		};
		05A778562565136D00CD2A8C /* Extensions */ = {
			isa = PBXGroup;
			children = (
				05A7786125654B8C00CD2A8C /* UIExtensions */,
				05A778572565137800CD2A8C /* FoundationExtensions */,
			);
			path = Extensions;
			sourceTree = "<group>";
		};
		05A778572565137800CD2A8C /* FoundationExtensions */ = {
			isa = PBXGroup;
			children = (
				05A778582565139500CD2A8C /* DictionaryExtensions.swift */,
			);
			path = FoundationExtensions;
			sourceTree = "<group>";
		};
		05A7785A2565240700CD2A8C /* Schema */ = {
			isa = PBXGroup;
			children = (
				05A7785B2565242800CD2A8C /* Development.xcconfig */,
			);
			path = Schema;
			sourceTree = "<group>";
		};
		05A7785C2565417700CD2A8C /* Model */ = {
			isa = PBXGroup;
			children = (
				EA52E15525665DF10009E2C1 /* MostViewed.swift */,
			);
			name = Model;
			path = ../../Model;
			sourceTree = "<group>";
		};
		05A7786125654B8C00CD2A8C /* UIExtensions */ = {
			isa = PBXGroup;
			children = (
				05A7786225654C7D00CD2A8C /* UIViewExtensions.swift */,
				05A7786A256551C100CD2A8C /* UIColorExtensions.swift */,
				05A77877256563BF00CD2A8C /* UIResponderExtensions.swift */,
				05A778792565644D00CD2A8C /* UITableViewExtensions.swift */,
				EAA0C8812565BD74000EB48F /* UIViewControllerExtensions.swift */,
				EAA0C8832565BDAA000EB48F /* UIStoryboardExtensions.swift */,
			);
			path = UIExtensions;
			sourceTree = "<group>";
		};
		05A7786D2565576800CD2A8C /* Base */ = {
			isa = PBXGroup;
			children = (
				05A778662565502100CD2A8C /* BaseViewController.swift */,
			);
			path = Base;
			sourceTree = "<group>";
		};
		05A7787225655B2D00CD2A8C /* ArticleCell */ = {
			isa = PBXGroup;
			children = (
				05A7787325655B5100CD2A8C /* ArticleCell.swift */,
				05A7787525655B6400CD2A8C /* ArticleCell.xib */,
			);
			path = ArticleCell;
			sourceTree = "<group>";
		};
		42ACC299415CE5DE48ACF4F1 /* Frameworks */ = {
			isa = PBXGroup;
			children = (
				168FBE5505594F10566F7911 /* Pods_NYTimesSampleApp.framework */,
				0E673363264CA47923CF1706 /* Pods_NYTimesSampleAppTests.framework */,
			);
			name = Frameworks;
			sourceTree = "<group>";
		};
		8CC3C2CA346164CADC54CDFD /* Pods */ = {
			isa = PBXGroup;
			children = (
				861E1849FBF95C2C3419EB3E /* Pods-NYTimesSampleApp.debug.xcconfig */,
				26BE1A83CC5EC4B034060E80 /* Pods-NYTimesSampleApp.release.xcconfig */,
				0ECC9EFF578A5650AE42479A /* Pods-NYTimesSampleAppTests.debug.xcconfig */,
				5666E1747A640D45E0954525 /* Pods-NYTimesSampleAppTests.release.xcconfig */,
			);
			path = Pods;
			sourceTree = "<group>";
		};
		EA52E15725665E6A0009E2C1 /* WelcomeView */ = {
			isa = PBXGroup;
			children = (
				EA52E163256662370009E2C1 /* Stub */,
				EA52E15E25665E9F0009E2C1 /* Presenter */,
				EA52E15D25665E9B0009E2C1 /* View */,
				EA52E15C25665E960009E2C1 /* Model */,
			);
			path = WelcomeView;
			sourceTree = "<group>";
		};
		EA52E15825665E710009E2C1 /* ListingView */ = {
			isa = PBXGroup;
			children = (
				EA52E15B25665E8B0009E2C1 /* Presenter */,
				EA52E15A25665E860009E2C1 /* View */,
			);
			path = ListingView;
			sourceTree = "<group>";
		};
		EA52E15A25665E860009E2C1 /* View */ = {
			isa = PBXGroup;
			children = (
				EA52E16825666B170009E2C1 /* ListingViewSpy.swift */,
				EA52E16C25667E0A0009E2C1 /* ArticleCellSpy.swift */,
			);
			path = View;
			sourceTree = "<group>";
		};
		EA52E15B25665E8B0009E2C1 /* Presenter */ = {
			isa = PBXGroup;
			children = (
				EA52E16625666ADA0009E2C1 /* ListingPresenterTest.swift */,
			);
			path = Presenter;
			sourceTree = "<group>";
		};
		EA52E15C25665E960009E2C1 /* Model */ = {
			isa = PBXGroup;
			children = (
				EA52E16A25666D3E0009E2C1 /* Creator.swift */,
			);
			path = Model;
			sourceTree = "<group>";
		};
		EA52E15D25665E9B0009E2C1 /* View */ = {
			isa = PBXGroup;
			children = (
				EA52E16125665F560009E2C1 /* WelcomeViewSpy.swift */,
			);
			path = View;
			sourceTree = "<group>";
		};
		EA52E15E25665E9F0009E2C1 /* Presenter */ = {
			isa = PBXGroup;
			children = (
				EA52E15F25665EE70009E2C1 /* WelcomePresnterTests.swift */,
			);
			path = Presenter;
			sourceTree = "<group>";
		};
		EA52E163256662370009E2C1 /* Stub */ = {
			isa = PBXGroup;
			children = (
				EA52E164256662610009E2C1 /* ServiceManagerStub.swift */,
			);
			path = Stub;
			sourceTree = "<group>";
		};
		EAA0C87B2565BBD4000EB48F /* ActivityIndicator */ = {
			isa = PBXGroup;
			children = (
				EAA0C87C2565BBFB000EB48F /* ActivityIndicator.swift */,
			);
			path = ActivityIndicator;
			sourceTree = "<group>";
		};
		EAA0C87E2565BD1E000EB48F /* NavigationManager */ = {
			isa = PBXGroup;
			children = (
				EAA0C87F2565BD3B000EB48F /* Navigatable.swift */,
			);
			path = NavigationManager;
			sourceTree = "<group>";
		};
		EAA0C8892566422F000EB48F /* Sences */ = {
			isa = PBXGroup;
			children = (
				EAA0C89125664324000EB48F /* Configurator */,
				05A7786D2565576800CD2A8C /* Base */,
				EAA0C88D25664295000EB48F /* WelcomeView */,
				EAA0C88A25664259000EB48F /* ListingView */,
			);
			path = Sences;
			sourceTree = "<group>";
		};
		EAA0C88A25664259000EB48F /* ListingView */ = {
			isa = PBXGroup;
			children = (
				EAA0C890256642E8000EB48F /* Model */,
				EAA0C88C25664272000EB48F /* View */,
				EAA0C88B25664269000EB48F /* Presenter */,
			);
			path = ListingView;
			sourceTree = "<group>";
		};
		EAA0C88B25664269000EB48F /* Presenter */ = {
			isa = PBXGroup;
			children = (
				EAA0C8852566394D000EB48F /* ListingPresenter.swift */,
			);
			path = Presenter;
			sourceTree = "<group>";
		};
		EAA0C88C25664272000EB48F /* View */ = {
			isa = PBXGroup;
			children = (
				05A7787225655B2D00CD2A8C /* ArticleCell */,
				05A7786425654FA900CD2A8C /* ListingViewController.swift */,
			);
			path = View;
			sourceTree = "<group>";
		};
		EAA0C88D25664295000EB48F /* WelcomeView */ = {
			isa = PBXGroup;
			children = (
				05A7785C2565417700CD2A8C /* Model */,
				EAA0C88F256642A5000EB48F /* Presenter */,
				EAA0C88E2566429F000EB48F /* View */,
			);
			path = WelcomeView;
			sourceTree = "<group>";
		};
		EAA0C88E2566429F000EB48F /* View */ = {
			isa = PBXGroup;
			children = (
				057BB59D2564FE8500015C48 /* WelcomeViewController.swift */,
			);
			path = View;
			sourceTree = "<group>";
		};
		EAA0C88F256642A5000EB48F /* Presenter */ = {
			isa = PBXGroup;
			children = (
				EAA0C8932566476C000EB48F /* WelcomePresenter.swift */,
			);
			path = Presenter;
			sourceTree = "<group>";
		};
		EAA0C890256642E8000EB48F /* Model */ = {
			isa = PBXGroup;
			children = (
				05A7785F2565434600CD2A8C /* Article.swift */,
			);
			path = Model;
			sourceTree = "<group>";
		};
		EAA0C89125664324000EB48F /* Configurator */ = {
			isa = PBXGroup;
			children = (
				EAA0C88725663BF3000EB48F /* Configurator.swift */,
			);
			path = Configurator;
			sourceTree = "<group>";
		};
		EAA0C892256643E9000EB48F /* Configurator */ = {
			isa = PBXGroup;
			children = (
				05A778542565130B00CD2A8C /* Configuration.swift */,
			);
			path = Configurator;
			sourceTree = "<group>";
		};
/* End PBXGroup section */

/* Begin PBXNativeTarget section */
		057BB5952564FE8500015C48 /* NYTimesSampleApp */ = {
			isa = PBXNativeTarget;
			buildConfigurationList = 057BB5B52564FE8600015C48 /* Build configuration list for PBXNativeTarget "NYTimesSampleApp" */;
			buildPhases = (
				62F75053A3639264B59C996A /* [CP] Check Pods Manifest.lock */,
				057BB5922564FE8500015C48 /* Sources */,
				057BB5932564FE8500015C48 /* Frameworks */,
				057BB5942564FE8500015C48 /* Resources */,
				517D87AC0E47C5A2759E9E1C /* [CP] Embed Pods Frameworks */,
			);
			buildRules = (
			);
			dependencies = (
			);
			name = NYTimesSampleApp;
			productName = NYTimesSampleApp;
			productReference = 057BB5962564FE8500015C48 /* NYTimesSampleApp.app */;
			productType = "com.apple.product-type.application";
		};
		057BB5AB2564FE8600015C48 /* NYTimesSampleAppTests */ = {
			isa = PBXNativeTarget;
			buildConfigurationList = 057BB5B82564FE8600015C48 /* Build configuration list for PBXNativeTarget "NYTimesSampleAppTests" */;
			buildPhases = (
				7A9E9511FC64BD439FE65F25 /* [CP] Check Pods Manifest.lock */,
				057BB5A82564FE8600015C48 /* Sources */,
				057BB5A92564FE8600015C48 /* Frameworks */,
				057BB5AA2564FE8600015C48 /* Resources */,
			);
			buildRules = (
			);
			dependencies = (
				057BB5AE2564FE8600015C48 /* PBXTargetDependency */,
			);
			name = NYTimesSampleAppTests;
			productName = NYTimesSampleAppTests;
			productReference = 057BB5AC2564FE8600015C48 /* NYTimesSampleAppTests.xctest */;
			productType = "com.apple.product-type.bundle.unit-test";
		};
/* End PBXNativeTarget section */

/* Begin PBXProject section */
		057BB58E2564FE8500015C48 /* Project object */ = {
			isa = PBXProject;
			attributes = {
				LastSwiftUpdateCheck = 1150;
				LastUpgradeCheck = 1150;
				ORGANIZATIONNAME = "Ahmad Jabri";
				TargetAttributes = {
					057BB5952564FE8500015C48 = {
						CreatedOnToolsVersion = 11.5;
					};
					057BB5AB2564FE8600015C48 = {
						CreatedOnToolsVersion = 11.5;
						LastSwiftMigration = 1150;
						TestTargetID = 057BB5952564FE8500015C48;
					};
				};
			};
			buildConfigurationList = 057BB5912564FE8500015C48 /* Build configuration list for PBXProject "NYTimesSampleApp" */;
			compatibilityVersion = "Xcode 9.3";
			developmentRegion = en;
			hasScannedForEncodings = 0;
			knownRegions = (
				en,
				Base,
			);
			mainGroup = 057BB58D2564FE8500015C48;
			productRefGroup = 057BB5972564FE8500015C48 /* Products */;
			projectDirPath = "";
			projectRoot = "";
			targets = (
				057BB5952564FE8500015C48 /* NYTimesSampleApp */,
				057BB5AB2564FE8600015C48 /* NYTimesSampleAppTests */,
			);
		};
/* End PBXProject section */

/* Begin PBXResourcesBuildPhase section */
		057BB5942564FE8500015C48 /* Resources */ = {
			isa = PBXResourcesBuildPhase;
			buildActionMask = 2147483647;
			files = (
				057BB5A62564FE8600015C48 /* LaunchScreen.storyboard in Resources */,
				05A778692565510100CD2A8C /* Color.xcassets in Resources */,
				057BB5A32564FE8600015C48 /* Assets.xcassets in Resources */,
				05A7787625655B6400CD2A8C /* ArticleCell.xib in Resources */,
				057BB5A12564FE8500015C48 /* Main.storyboard in Resources */,
			);
			runOnlyForDeploymentPostprocessing = 0;
		};
		057BB5AA2564FE8600015C48 /* Resources */ = {
			isa = PBXResourcesBuildPhase;
			buildActionMask = 2147483647;
			files = (
			);
			runOnlyForDeploymentPostprocessing = 0;
		};
/* End PBXResourcesBuildPhase section */

/* Begin PBXShellScriptBuildPhase section */
		517D87AC0E47C5A2759E9E1C /* [CP] Embed Pods Frameworks */ = {
			isa = PBXShellScriptBuildPhase;
			buildActionMask = 2147483647;
			files = (
			);
			inputFileListPaths = (
				"${PODS_ROOT}/Target Support Files/Pods-NYTimesSampleApp/Pods-NYTimesSampleApp-frameworks-${CONFIGURATION}-input-files.xcfilelist",
			);
			name = "[CP] Embed Pods Frameworks";
			outputFileListPaths = (
				"${PODS_ROOT}/Target Support Files/Pods-NYTimesSampleApp/Pods-NYTimesSampleApp-frameworks-${CONFIGURATION}-output-files.xcfilelist",
			);
			runOnlyForDeploymentPostprocessing = 0;
			shellPath = /bin/sh;
			shellScript = "\"${PODS_ROOT}/Target Support Files/Pods-NYTimesSampleApp/Pods-NYTimesSampleApp-frameworks.sh\"\n";
			showEnvVarsInLog = 0;
		};
		62F75053A3639264B59C996A /* [CP] Check Pods Manifest.lock */ = {
			isa = PBXShellScriptBuildPhase;
			buildActionMask = 2147483647;
			files = (
			);
			inputFileListPaths = (
			);
			inputPaths = (
				"${PODS_PODFILE_DIR_PATH}/Podfile.lock",
				"${PODS_ROOT}/Manifest.lock",
			);
			name = "[CP] Check Pods Manifest.lock";
			outputFileListPaths = (
			);
			outputPaths = (
				"$(DERIVED_FILE_DIR)/Pods-NYTimesSampleApp-checkManifestLockResult.txt",
			);
			runOnlyForDeploymentPostprocessing = 0;
			shellPath = /bin/sh;
			shellScript = "diff \"${PODS_PODFILE_DIR_PATH}/Podfile.lock\" \"${PODS_ROOT}/Manifest.lock\" > /dev/null\nif [ $? != 0 ] ; then\n    # print error to STDERR\n    echo \"error: The sandbox is not in sync with the Podfile.lock. Run 'pod install' or update your CocoaPods installation.\" >&2\n    exit 1\nfi\n# This output is used by Xcode 'outputs' to avoid re-running this script phase.\necho \"SUCCESS\" > \"${SCRIPT_OUTPUT_FILE_0}\"\n";
			showEnvVarsInLog = 0;
		};
		7A9E9511FC64BD439FE65F25 /* [CP] Check Pods Manifest.lock */ = {
			isa = PBXShellScriptBuildPhase;
			buildActionMask = 2147483647;
			files = (
			);
			inputFileListPaths = (
			);
			inputPaths = (
				"${PODS_PODFILE_DIR_PATH}/Podfile.lock",
				"${PODS_ROOT}/Manifest.lock",
			);
			name = "[CP] Check Pods Manifest.lock";
			outputFileListPaths = (
			);
			outputPaths = (
				"$(DERIVED_FILE_DIR)/Pods-NYTimesSampleAppTests-checkManifestLockResult.txt",
			);
			runOnlyForDeploymentPostprocessing = 0;
			shellPath = /bin/sh;
			shellScript = "diff \"${PODS_PODFILE_DIR_PATH}/Podfile.lock\" \"${PODS_ROOT}/Manifest.lock\" > /dev/null\nif [ $? != 0 ] ; then\n    # print error to STDERR\n    echo \"error: The sandbox is not in sync with the Podfile.lock. Run 'pod install' or update your CocoaPods installation.\" >&2\n    exit 1\nfi\n# This output is used by Xcode 'outputs' to avoid re-running this script phase.\necho \"SUCCESS\" > \"${SCRIPT_OUTPUT_FILE_0}\"\n";
			showEnvVarsInLog = 0;
		};
/* End PBXShellScriptBuildPhase section */

/* Begin PBXSourcesBuildPhase section */
		057BB5922564FE8500015C48 /* Sources */ = {
			isa = PBXSourcesBuildPhase;
			buildActionMask = 2147483647;
			files = (
				05A7787A2565644D00CD2A8C /* UITableViewExtensions.swift in Sources */,
				EAA0C8942566476C000EB48F /* WelcomePresenter.swift in Sources */,
				05A778602565434600CD2A8C /* Article.swift in Sources */,
				05A7784925650B9800CD2A8C /* Utils.swift in Sources */,
				057BB59E2564FE8500015C48 /* WelcomeViewController.swift in Sources */,
				05A778592565139500CD2A8C /* DictionaryExtensions.swift in Sources */,
				057BB59A2564FE8500015C48 /* AppDelegate.swift in Sources */,
				05A778532565128300CD2A8C /* ServiceWrapper.swift in Sources */,
				05A7784B25650E8700CD2A8C /* ServiceProtocol.swift in Sources */,
				05A7784E25650F3900CD2A8C /* Result.swift in Sources */,
				05A7786B256551C100CD2A8C /* UIColorExtensions.swift in Sources */,
				05A7786325654C7E00CD2A8C /* UIViewExtensions.swift in Sources */,
				05A7786525654FA900CD2A8C /* ListingViewController.swift in Sources */,
				05A778552565130B00CD2A8C /* Configuration.swift in Sources */,
				EA52E15625665DF10009E2C1 /* MostViewed.swift in Sources */,
				05A77851256511FE00CD2A8C /* ServiceModule.swift in Sources */,
				EAA0C8862566394D000EB48F /* ListingPresenter.swift in Sources */,
				05A77878256563BF00CD2A8C /* UIResponderExtensions.swift in Sources */,
				EAA0C8822565BD74000EB48F /* UIViewControllerExtensions.swift in Sources */,
				EAA0C87D2565BBFB000EB48F /* ActivityIndicator.swift in Sources */,
				EAA0C8842565BDAA000EB48F /* UIStoryboardExtensions.swift in Sources */,
				EAA0C88825663BF3000EB48F /* Configurator.swift in Sources */,
				05A778672565502100CD2A8C /* BaseViewController.swift in Sources */,
				05A7787425655B5100CD2A8C /* ArticleCell.swift in Sources */,
				057BB59C2564FE8500015C48 /* SceneDelegate.swift in Sources */,
				EAA0C8802565BD3B000EB48F /* Navigatable.swift in Sources */,
				05A778452565080100CD2A8C /* ServiceManager.swift in Sources */,
			);
			runOnlyForDeploymentPostprocessing = 0;
		};
		057BB5A82564FE8600015C48 /* Sources */ = {
			isa = PBXSourcesBuildPhase;
			buildActionMask = 2147483647;
			files = (
				EA52E165256662610009E2C1 /* ServiceManagerStub.swift in Sources */,
				EA52E16225665F560009E2C1 /* WelcomeViewSpy.swift in Sources */,
				EA52E16B25666D3E0009E2C1 /* Creator.swift in Sources */,
				EA52E16D25667E0A0009E2C1 /* ArticleCellSpy.swift in Sources */,
				EA52E16925666B170009E2C1 /* ListingViewSpy.swift in Sources */,
				EA52E16025665EE70009E2C1 /* WelcomePresnterTests.swift in Sources */,
				EA52E16725666ADA0009E2C1 /* ListingPresenterTest.swift in Sources */,
			);
			runOnlyForDeploymentPostprocessing = 0;
		};
/* End PBXSourcesBuildPhase section */

/* Begin PBXTargetDependency section */
		057BB5AE2564FE8600015C48 /* PBXTargetDependency */ = {
			isa = PBXTargetDependency;
			target = 057BB5952564FE8500015C48 /* NYTimesSampleApp */;
			targetProxy = 057BB5AD2564FE8600015C48 /* PBXContainerItemProxy */;
		};
/* End PBXTargetDependency section */

/* Begin PBXVariantGroup section */
		057BB59F2564FE8500015C48 /* Main.storyboard */ = {
			isa = PBXVariantGroup;
			children = (
				057BB5A02564FE8500015C48 /* Base */,
			);
			name = Main.storyboard;
			sourceTree = "<group>";
		};
		057BB5A42564FE8600015C48 /* LaunchScreen.storyboard */ = {
			isa = PBXVariantGroup;
			children = (
				057BB5A52564FE8600015C48 /* Base */,
			);
			name = LaunchScreen.storyboard;
			sourceTree = "<group>";
		};
/* End PBXVariantGroup section */

/* Begin XCBuildConfiguration section */
		057BB5B32564FE8600015C48 /* Debug */ = {
			isa = XCBuildConfiguration;
			baseConfigurationReference = 05A7785B2565242800CD2A8C /* Development.xcconfig */;
			buildSettings = {
				ALWAYS_SEARCH_USER_PATHS = NO;
				CLANG_ANALYZER_NONNULL = YES;
				CLANG_ANALYZER_NUMBER_OBJECT_CONVERSION = YES_AGGRESSIVE;
				CLANG_CXX_LANGUAGE_STANDARD = "gnu++14";
				CLANG_CXX_LIBRARY = "libc++";
				CLANG_ENABLE_MODULES = YES;
				CLANG_ENABLE_OBJC_ARC = YES;
				CLANG_ENABLE_OBJC_WEAK = YES;
				CLANG_WARN_BLOCK_CAPTURE_AUTORELEASING = YES;
				CLANG_WARN_BOOL_CONVERSION = YES;
				CLANG_WARN_COMMA = YES;
				CLANG_WARN_CONSTANT_CONVERSION = YES;
				CLANG_WARN_DEPRECATED_OBJC_IMPLEMENTATIONS = YES;
				CLANG_WARN_DIRECT_OBJC_ISA_USAGE = YES_ERROR;
				CLANG_WARN_DOCUMENTATION_COMMENTS = YES;
				CLANG_WARN_EMPTY_BODY = YES;
				CLANG_WARN_ENUM_CONVERSION = YES;
				CLANG_WARN_INFINITE_RECURSION = YES;
				CLANG_WARN_INT_CONVERSION = YES;
				CLANG_WARN_NON_LITERAL_NULL_CONVERSION = YES;
				CLANG_WARN_OBJC_IMPLICIT_RETAIN_SELF = YES;
				CLANG_WARN_OBJC_LITERAL_CONVERSION = YES;
				CLANG_WARN_OBJC_ROOT_CLASS = YES_ERROR;
				CLANG_WARN_RANGE_LOOP_ANALYSIS = YES;
				CLANG_WARN_STRICT_PROTOTYPES = YES;
				CLANG_WARN_SUSPICIOUS_MOVE = YES;
				CLANG_WARN_UNGUARDED_AVAILABILITY = YES_AGGRESSIVE;
				CLANG_WARN_UNREACHABLE_CODE = YES;
				CLANG_WARN__DUPLICATE_METHOD_MATCH = YES;
				COPY_PHASE_STRIP = NO;
				DEBUG_INFORMATION_FORMAT = dwarf;
				ENABLE_STRICT_OBJC_MSGSEND = YES;
				ENABLE_TESTABILITY = YES;
				GCC_C_LANGUAGE_STANDARD = gnu11;
				GCC_DYNAMIC_NO_PIC = NO;
				GCC_NO_COMMON_BLOCKS = YES;
				GCC_OPTIMIZATION_LEVEL = 0;
				GCC_PREPROCESSOR_DEFINITIONS = (
					"DEBUG=1",
					"$(inherited)",
				);
				GCC_WARN_64_TO_32_BIT_CONVERSION = YES;
				GCC_WARN_ABOUT_RETURN_TYPE = YES_ERROR;
				GCC_WARN_UNDECLARED_SELECTOR = YES;
				GCC_WARN_UNINITIALIZED_AUTOS = YES_AGGRESSIVE;
				GCC_WARN_UNUSED_FUNCTION = YES;
				GCC_WARN_UNUSED_VARIABLE = YES;
				IPHONEOS_DEPLOYMENT_TARGET = 13.5;
				MTL_ENABLE_DEBUG_INFO = INCLUDE_SOURCE;
				MTL_FAST_MATH = YES;
				ONLY_ACTIVE_ARCH = YES;
				SDKROOT = iphoneos;
				SWIFT_ACTIVE_COMPILATION_CONDITIONS = DEBUG;
				SWIFT_OPTIMIZATION_LEVEL = "-Onone";
			};
			name = Debug;
		};
		057BB5B42564FE8600015C48 /* Release */ = {
			isa = XCBuildConfiguration;
			buildSettings = {
				ALWAYS_SEARCH_USER_PATHS = NO;
				CLANG_ANALYZER_NONNULL = YES;
				CLANG_ANALYZER_NUMBER_OBJECT_CONVERSION = YES_AGGRESSIVE;
				CLANG_CXX_LANGUAGE_STANDARD = "gnu++14";
				CLANG_CXX_LIBRARY = "libc++";
				CLANG_ENABLE_MODULES = YES;
				CLANG_ENABLE_OBJC_ARC = YES;
				CLANG_ENABLE_OBJC_WEAK = YES;
				CLANG_WARN_BLOCK_CAPTURE_AUTORELEASING = YES;
				CLANG_WARN_BOOL_CONVERSION = YES;
				CLANG_WARN_COMMA = YES;
				CLANG_WARN_CONSTANT_CONVERSION = YES;
				CLANG_WARN_DEPRECATED_OBJC_IMPLEMENTATIONS = YES;
				CLANG_WARN_DIRECT_OBJC_ISA_USAGE = YES_ERROR;
				CLANG_WARN_DOCUMENTATION_COMMENTS = YES;
				CLANG_WARN_EMPTY_BODY = YES;
				CLANG_WARN_ENUM_CONVERSION = YES;
				CLANG_WARN_INFINITE_RECURSION = YES;
				CLANG_WARN_INT_CONVERSION = YES;
				CLANG_WARN_NON_LITERAL_NULL_CONVERSION = YES;
				CLANG_WARN_OBJC_IMPLICIT_RETAIN_SELF = YES;
				CLANG_WARN_OBJC_LITERAL_CONVERSION = YES;
				CLANG_WARN_OBJC_ROOT_CLASS = YES_ERROR;
				CLANG_WARN_RANGE_LOOP_ANALYSIS = YES;
				CLANG_WARN_STRICT_PROTOTYPES = YES;
				CLANG_WARN_SUSPICIOUS_MOVE = YES;
				CLANG_WARN_UNGUARDED_AVAILABILITY = YES_AGGRESSIVE;
				CLANG_WARN_UNREACHABLE_CODE = YES;
				CLANG_WARN__DUPLICATE_METHOD_MATCH = YES;
				COPY_PHASE_STRIP = NO;
				DEBUG_INFORMATION_FORMAT = "dwarf-with-dsym";
				ENABLE_NS_ASSERTIONS = NO;
				ENABLE_STRICT_OBJC_MSGSEND = YES;
				GCC_C_LANGUAGE_STANDARD = gnu11;
				GCC_NO_COMMON_BLOCKS = YES;
				GCC_WARN_64_TO_32_BIT_CONVERSION = YES;
				GCC_WARN_ABOUT_RETURN_TYPE = YES_ERROR;
				GCC_WARN_UNDECLARED_SELECTOR = YES;
				GCC_WARN_UNINITIALIZED_AUTOS = YES_AGGRESSIVE;
				GCC_WARN_UNUSED_FUNCTION = YES;
				GCC_WARN_UNUSED_VARIABLE = YES;
				IPHONEOS_DEPLOYMENT_TARGET = 13.5;
				MTL_ENABLE_DEBUG_INFO = NO;
				MTL_FAST_MATH = YES;
				SDKROOT = iphoneos;
				SWIFT_COMPILATION_MODE = wholemodule;
				SWIFT_OPTIMIZATION_LEVEL = "-O";
				VALIDATE_PRODUCT = YES;
			};
			name = Release;
		};
		057BB5B62564FE8600015C48 /* Debug */ = {
			isa = XCBuildConfiguration;
			baseConfigurationReference = 861E1849FBF95C2C3419EB3E /* Pods-NYTimesSampleApp.debug.xcconfig */;
			buildSettings = {
				ASSETCATALOG_COMPILER_APPICON_NAME = AppIcon;
				CODE_SIGN_STYLE = Automatic;
				DEVELOPMENT_TEAM = 2AZ4K72LAA;
				INFOPLIST_FILE = NYTimesSampleApp/Info.plist;
				IPHONEOS_DEPLOYMENT_TARGET = 12.0;
				LD_RUNPATH_SEARCH_PATHS = (
					"$(inherited)",
					"@executable_path/Frameworks",
				);
				PRODUCT_BUNDLE_IDENTIFIER = com.s4m.NYTimesSampleApp;
				PRODUCT_NAME = "$(TARGET_NAME)";
				SWIFT_VERSION = 5.0;
				TARGETED_DEVICE_FAMILY = 1;
			};
			name = Debug;
		};
		057BB5B72564FE8600015C48 /* Release */ = {
			isa = XCBuildConfiguration;
			baseConfigurationReference = 26BE1A83CC5EC4B034060E80 /* Pods-NYTimesSampleApp.release.xcconfig */;
			buildSettings = {
				ASSETCATALOG_COMPILER_APPICON_NAME = AppIcon;
				CODE_SIGN_STYLE = Automatic;
				DEVELOPMENT_TEAM = 2AZ4K72LAA;
				INFOPLIST_FILE = NYTimesSampleApp/Info.plist;
				IPHONEOS_DEPLOYMENT_TARGET = 12.0;
				LD_RUNPATH_SEARCH_PATHS = (
					"$(inherited)",
					"@executable_path/Frameworks",
				);
				PRODUCT_BUNDLE_IDENTIFIER = com.s4m.NYTimesSampleApp;
				PRODUCT_NAME = "$(TARGET_NAME)";
				SWIFT_VERSION = 5.0;
				TARGETED_DEVICE_FAMILY = 1;
			};
			name = Release;
		};
		057BB5B92564FE8600015C48 /* Debug */ = {
			isa = XCBuildConfiguration;
			baseConfigurationReference = 0ECC9EFF578A5650AE42479A /* Pods-NYTimesSampleAppTests.debug.xcconfig */;
			buildSettings = {
				ALWAYS_EMBED_SWIFT_STANDARD_LIBRARIES = YES;
				BUNDLE_LOADER = "$(TEST_HOST)";
				CLANG_ENABLE_MODULES = YES;
				CODE_SIGN_STYLE = Automatic;
				DEVELOPMENT_TEAM = 2AZ4K72LAA;
				INFOPLIST_FILE = NYTimesSampleAppTests/Info.plist;
				IPHONEOS_DEPLOYMENT_TARGET = 13.5;
				LD_RUNPATH_SEARCH_PATHS = (
					"$(inherited)",
					"@executable_path/Frameworks",
					"@loader_path/Frameworks",
				);
				PRODUCT_BUNDLE_IDENTIFIER = com.s4m.NYTimesSampleAppTests;
				PRODUCT_NAME = "$(TARGET_NAME)";
				SWIFT_OPTIMIZATION_LEVEL = "-Onone";
				SWIFT_VERSION = 5.0;
				TARGETED_DEVICE_FAMILY = "1,2";
				TEST_HOST = "$(BUILT_PRODUCTS_DIR)/NYTimesSampleApp.app/NYTimesSampleApp";
			};
			name = Debug;
		};
		057BB5BA2564FE8600015C48 /* Release */ = {
			isa = XCBuildConfiguration;
			baseConfigurationReference = 5666E1747A640D45E0954525 /* Pods-NYTimesSampleAppTests.release.xcconfig */;
			buildSettings = {
				ALWAYS_EMBED_SWIFT_STANDARD_LIBRARIES = YES;
				BUNDLE_LOADER = "$(TEST_HOST)";
				CLANG_ENABLE_MODULES = YES;
				CODE_SIGN_STYLE = Automatic;
				DEVELOPMENT_TEAM = 2AZ4K72LAA;
				INFOPLIST_FILE = NYTimesSampleAppTests/Info.plist;
				IPHONEOS_DEPLOYMENT_TARGET = 13.5;
				LD_RUNPATH_SEARCH_PATHS = (
					"$(inherited)",
					"@executable_path/Frameworks",
					"@loader_path/Frameworks",
				);
				PRODUCT_BUNDLE_IDENTIFIER = com.s4m.NYTimesSampleAppTests;
				PRODUCT_NAME = "$(TARGET_NAME)";
				SWIFT_VERSION = 5.0;
				TARGETED_DEVICE_FAMILY = "1,2";
				TEST_HOST = "$(BUILT_PRODUCTS_DIR)/NYTimesSampleApp.app/NYTimesSampleApp";
			};
			name = Release;
		};
/* End XCBuildConfiguration section */

/* Begin XCConfigurationList section */
		057BB5912564FE8500015C48 /* Build configuration list for PBXProject "NYTimesSampleApp" */ = {
			isa = XCConfigurationList;
			buildConfigurations = (
				057BB5B32564FE8600015C48 /* Debug */,
				057BB5B42564FE8600015C48 /* Release */,
			);
			defaultConfigurationIsVisible = 0;
			defaultConfigurationName = Release;
		};
		057BB5B52564FE8600015C48 /* Build configuration list for PBXNativeTarget "NYTimesSampleApp" */ = {
			isa = XCConfigurationList;
			buildConfigurations = (
				057BB5B62564FE8600015C48 /* Debug */,
				057BB5B72564FE8600015C48 /* Release */,
			);
			defaultConfigurationIsVisible = 0;
			defaultConfigurationName = Release;
		};
		057BB5B82564FE8600015C48 /* Build configuration list for PBXNativeTarget "NYTimesSampleAppTests" */ = {
			isa = XCConfigurationList;
			buildConfigurations = (
				057BB5B92564FE8600015C48 /* Debug */,
				057BB5BA2564FE8600015C48 /* Release */,
			);
			defaultConfigurationIsVisible = 0;
			defaultConfigurationName = Release;
		};
/* End XCConfigurationList section */
	};
	rootObject = 057BB58E2564FE8500015C48 /* Project object */;
}
